{
  "name": "soc2-monorepo",
  "version": "0.1.0",
  "lockfileVersion": 3,
  "requires": true,
  "packages": {
    "": {
      "name": "soc2-monorepo",
      "version": "0.1.0",
      "workspaces": [
        "packages/soc2",
        "packages/create-soc2"
      ],
      "engines": {
        "node": ">=20"
      }
    },
    "node_modules/create-soc2": {
      "resolved": "packages/create-soc2",
      "link": true
    },
    "node_modules/soc2": {
      "resolved": "packages/soc2",
      "link": true
    },
    "packages/create-soc2": {
      "version": "0.1.0",
      "license": "MIT",
      "bin": {
        "create-soc2": "bin/create-soc2.js"
      },
      "engines": {
        "node": ">=20"
      }
    },
    "packages/soc2": {
      "version": "0.1.0",
      "license": "MIT",
      "bin": {
        "soc2": "bin/soc2.js"
      },
      "engines": {
        "node": ">=20"
      }
    }
  }
}
