{
  "name": "filegrc-monorepo",
  "version": "0.1.0",
  "lockfileVersion": 3,
  "requires": true,
  "packages": {
    "": {
      "name": "filegrc-monorepo",
      "version": "0.1.0",
      "workspaces": [
        "packages/filegrc",
        "packages/create-filegrc"
      ],
      "engines": {
        "node": ">=20"
      }
    },
    "node_modules/create-filegrc": {
      "resolved": "packages/create-filegrc",
      "link": true
    },
    "node_modules/filegrc": {
      "resolved": "packages/filegrc",
      "link": true
    },
    "packages/create-filegrc": {
      "version": "0.2.0",
      "license": "MIT",
      "bin": {
        "create-filegrc": "bin/create-filegrc.js"
      },
      "engines": {
        "node": ">=20"
      }
    },
    "packages/filegrc": {
      "version": "0.2.0",
      "license": "MIT",
      "bin": {
        "filegrc": "bin/filegrc.js"
      },
      "engines": {
        "node": ">=20"
      }
    }
  }
}
